
Microsoft Visual Studio Solution File, Format Version 12.00
# Visual Studio 15
VisualStudioVersion = 15.0.28307.329
MinimumVisualStudioVersion = 10.0.40219.1
Project("{FAE04EC0-301F-11D3-BF4B-00C04F79EFBC}") = "Arrays", "Arrays\Arrays.csproj", "{12139014-4D6F-48C3-87C2-6C732AB5232C}"
EndProject
Global
	GlobalSection(SolutionConfigurationPlatforms) = preSolution
		Debug|Any CPU = Debug|Any CPU
		Release|Any CPU = Release|Any CPU
	EndGlobalSection
	GlobalSection(ProjectConfigurationPlatforms) = postSolution
		{12139014-4D6F-48C3-87C2-6C732AB5232C}.Debug|Any CPU.ActiveCfg = Debug|Any CPU
		{12139014-4D6F-48C3-87C2-6C732AB5232C}.Debug|Any CPU.Build.0 = Debug|Any CPU
		{12139014-4D6F-48C3-87C2-6C732AB5232C}.Release|Any CPU.ActiveCfg = Release|Any CPU
		{12139014-4D6F-48C3-87C2-6C732AB5232C}.Release|Any CPU.Build.0 = Release|Any CPU
	EndGlobalSection
	GlobalSection(SolutionProperties) = preSolution
		HideSolutionNode = FALSE
	EndGlobalSection
	GlobalSection(ExtensibilityGlobals) = postSolution
		SolutionGuid = {C6D60FB6-F665-46E3-A4CD-16A04D88ED53}
	EndGlobalSection
EndGlobal
